// !$*UTF8*$!
{
	archiveVersion = 1;
	classes = {
	};
	objectVersion = 56;
	objects = {

/* Begin PBXBuildFile section */
		A594806D29AE774F00AC7D28 /* RateFourCurrenciesEasyApp.swift in Sources */ = {isa = PBXBuildFile; fileRef = A594806C29AE774F00AC7D28 /* RateFourCurrenciesEasyApp.swift */; };
		A594806F29AE774F00AC7D28 /* ContentView.swift in Sources */ = {isa = PBXBuildFile; fileRef = A594806E29AE774F00AC7D28 /* ContentView.swift */; };
		A594807129AE775000AC7D28 /* Assets.xcassets in Resources */ = {isa = PBXBuildFile; fileRef = A594807029AE775000AC7D28 /* Assets.xcassets */; };
		A594807429AE775000AC7D28 /* Preview Assets.xcassets in Resources */ = {isa = PBXBuildFile; fileRef = A594807329AE775000AC7D28 /* Preview Assets.xcassets */; };
		A594807629AE775000AC7D28 /* Persistence.swift in Sources */ = {isa = PBXBuildFile; fileRef = A594807529AE775000AC7D28 /* Persistence.swift */; };
		A594807929AE775000AC7D28 /* RateFourCurrenciesEasy.xcdatamodeld in Sources */ = {isa = PBXBuildFile; fileRef = A594807729AE775000AC7D28 /* RateFourCurrenciesEasy.xcdatamodeld */; };
		A594808029AE7A5900AC7D28 /* SomeView.swift in Sources */ = {isa = PBXBuildFile; fileRef = A594807F29AE7A5900AC7D28 /* SomeView.swift */; };
/* End PBXBuildFile section */

/* Begin PBXFileReference section */
		A594806929AE774F00AC7D28 /* RateFourCurrenciesEasy.app */ = {isa = PBXFileReference; explicitFileType = wrapper.application; includeInIndex = 0; path = RateFourCurrenciesEasy.app; sourceTree = BUILT_PRODUCTS_DIR; };
		A594806C29AE774F00AC7D28 /* RateFourCurrenciesEasyApp.swift */ = {isa = PBXFileReference; lastKnownFileType = sourcecode.swift; path = RateFourCurrenciesEasyApp.swift; sourceTree = "<group>"; };
		A594806E29AE774F00AC7D28 /* ContentView.swift */ = {isa = PBXFileReference; lastKnownFileType = sourcecode.swift; path = ContentView.swift; sourceTree = "<group>"; };
		A594807029AE775000AC7D28 /* Assets.xcassets */ = {isa = PBXFileReference; lastKnownFileType = folder.assetcatalog; path = Assets.xcassets; sourceTree = "<group>"; };
		A594807329AE775000AC7D28 /* Preview Assets.xcassets */ = {isa = PBXFileReference; lastKnownFileType = folder.assetcatalog; path = "Preview Assets.xcassets"; sourceTree = "<group>"; };
		A594807529AE775000AC7D28 /* Persistence.swift */ = {isa = PBXFileReference; lastKnownFileType = sourcecode.swift; path = Persistence.swift; sourceTree = "<group>"; };
		A594807829AE775000AC7D28 /* RateFourCurrenciesEasy.xcdatamodel */ = {isa = PBXFileReference; lastKnownFileType = wrapper.xcdatamodel; path = RateFourCurrenciesEasy.xcdatamodel; sourceTree = "<group>"; };
		A594807F29AE7A5900AC7D28 /* SomeView.swift */ = {isa = PBXFileReference; lastKnownFileType = sourcecode.swift; path = SomeView.swift; sourceTree = "<group>"; };
/* End PBXFileReference section */

/* Begin PBXFrameworksBuildPhase section */
		A594806629AE774F00AC7D28 /* Frameworks */ = {
			isa = PBXFrameworksBuildPhase;
			buildActionMask = 2147483647;
			files = (
			);
			runOnlyForDeploymentPostprocessing = 0;
		};
/* End PBXFrameworksBuildPhase section */

/* Begin PBXGroup section */
		A594806029AE774F00AC7D28 = {
			isa = PBXGroup;
			children = (
				A594806B29AE774F00AC7D28 /* RateFourCurrenciesEasy */,
				A594806A29AE774F00AC7D28 /* Products */,
			);
			sourceTree = "<group>";
		};
		A594806A29AE774F00AC7D28 /* Products */ = {
			isa = PBXGroup;
			children = (
				A594806929AE774F00AC7D28 /* RateFourCurrenciesEasy.app */,
			);
			name = Products;
			sourceTree = "<group>";
		};
		A594806B29AE774F00AC7D28 /* RateFourCurrenciesEasy */ = {
			isa = PBXGroup;
			children = (
				A594806C29AE774F00AC7D28 /* RateFourCurrenciesEasyApp.swift */,
				A594806E29AE774F00AC7D28 /* ContentView.swift */,
				A594807F29AE7A5900AC7D28 /* SomeView.swift */,
				A594807029AE775000AC7D28 /* Assets.xcassets */,
				A594807529AE775000AC7D28 /* Persistence.swift */,
				A594807729AE775000AC7D28 /* RateFourCurrenciesEasy.xcdatamodeld */,
				A594807229AE775000AC7D28 /* Preview Content */,
			);
			path = RateFourCurrenciesEasy;
			sourceTree = "<group>";
		};
		A594807229AE775000AC7D28 /* Preview Content */ = {
			isa = PBXGroup;
			children = (
				A594807329AE775000AC7D28 /* Preview Assets.xcassets */,
			);
			path = "Preview Content";
			sourceTree = "<group>";
		};
/* End PBXGroup section */

/* Begin PBXNativeTarget section */
		A594806829AE774F00AC7D28 /* RateFourCurrenciesEasy */ = {
			isa = PBXNativeTarget;
			buildConfigurationList = A594807C29AE775000AC7D28 /* Build configuration list for PBXNativeTarget "RateFourCurrenciesEasy" */;
			buildPhases = (
				A594806529AE774F00AC7D28 /* Sources */,
				A594806629AE774F00AC7D28 /* Frameworks */,
				A594806729AE774F00AC7D28 /* Resources */,
			);
			buildRules = (
			);
			dependencies = (
			);
			name = RateFourCurrenciesEasy;
			productName = RateFourCurrenciesEasy;
			productReference = A594806929AE774F00AC7D28 /* RateFourCurrenciesEasy.app */;
			productType = "com.apple.product-type.application";
		};
/* End PBXNativeTarget section */

/* Begin PBXProject section */
		A594806129AE774F00AC7D28 /* Project object */ = {
			isa = PBXProject;
			attributes = {
				BuildIndependentTargetsInParallel = 1;
				LastSwiftUpdateCheck = 1420;
				LastUpgradeCheck = 1420;
				TargetAttributes = {
					A594806829AE774F00AC7D28 = {
						CreatedOnToolsVersion = 14.2;
					};
				};
			};
			buildConfigurationList = A594806429AE774F00AC7D28 /* Build configuration list for PBXProject "RateFourCurrenciesEasy" */;
			compatibilityVersion = "Xcode 14.0";
			developmentRegion = en;
			hasScannedForEncodings = 0;
			knownRegions = (
				en,
				Base,
			);
			mainGroup = A594806029AE774F00AC7D28;
			productRefGroup = A594806A29AE774F00AC7D28 /* Products */;
			projectDirPath = "";
			projectRoot = "";
			targets = (
				A594806829AE774F00AC7D28 /* RateFourCurrenciesEasy */,
			);
		};
/* End PBXProject section */

/* Begin PBXResourcesBuildPhase section */
		A594806729AE774F00AC7D28 /* Resources */ = {
			isa = PBXResourcesBuildPhase;
			buildActionMask = 2147483647;
			files = (
				A594807429AE775000AC7D28 /* Preview Assets.xcassets in Resources */,
				A594807129AE775000AC7D28 /* Assets.xcassets in Resources */,
			);
			runOnlyForDeploymentPostprocessing = 0;
		};
/* End PBXResourcesBuildPhase section */

/* Begin PBXSourcesBuildPhase section */
		A594806529AE774F00AC7D28 /* Sources */ = {
			isa = PBXSourcesBuildPhase;
			buildActionMask = 2147483647;
			files = (
				A594807929AE775000AC7D28 /* RateFourCurrenciesEasy.xcdatamodeld in Sources */,
				A594807629AE775000AC7D28 /* Persistence.swift in Sources */,
				A594806F29AE774F00AC7D28 /* ContentView.swift in Sources */,
				A594806D29AE774F00AC7D28 /* RateFourCurrenciesEasyApp.swift in Sources */,
				A594808029AE7A5900AC7D28 /* SomeView.swift in Sources */,
			);
			runOnlyForDeploymentPostprocessing = 0;
		};
/* End PBXSourcesBuildPhase section */

/* Begin XCBuildConfiguration section */
		A594807A29AE775000AC7D28 /* Debug */ = {
			isa = XCBuildConfiguration;
			buildSettings = {
				ALWAYS_SEARCH_USER_PATHS = NO;
				CLANG_ANALYZER_NONNULL = YES;
				CLANG_ANALYZER_NUMBER_OBJECT_CONVERSION = YES_AGGRESSIVE;
				CLANG_CXX_LANGUAGE_STANDARD = "gnu++20";
				CLANG_ENABLE_MODULES = YES;
				CLANG_ENABLE_OBJC_ARC = YES;
				CLANG_ENABLE_OBJC_WEAK = YES;
				CLANG_WARN_BLOCK_CAPTURE_AUTORELEASING = YES;
				CLANG_WARN_BOOL_CONVERSION = YES;
				CLANG_WARN_COMMA = YES;
				CLANG_WARN_CONSTANT_CONVERSION = YES;
				CLANG_WARN_DEPRECATED_OBJC_IMPLEMENTATIONS = YES;
				CLANG_WARN_DIRECT_OBJC_ISA_USAGE = YES_ERROR;
				CLANG_WARN_DOCUMENTATION_COMMENTS = YES;
				CLANG_WARN_EMPTY_BODY = YES;
				CLANG_WARN_ENUM_CONVERSION = YES;
				CLANG_WARN_INFINITE_RECURSION = YES;
				CLANG_WARN_INT_CONVERSION = YES;
				CLANG_WARN_NON_LITERAL_NULL_CONVERSION = YES;
				CLANG_WARN_OBJC_IMPLICIT_RETAIN_SELF = YES;
				CLANG_WARN_OBJC_LITERAL_CONVERSION = YES;
				CLANG_WARN_OBJC_ROOT_CLASS = YES_ERROR;
				CLANG_WARN_QUOTED_INCLUDE_IN_FRAMEWORK_HEADER = YES;
				CLANG_WARN_RANGE_LOOP_ANALYSIS = YES;
				CLANG_WARN_STRICT_PROTOTYPES = YES;
				CLANG_WARN_SUSPICIOUS_MOVE = YES;
				CLANG_WARN_UNGUARDED_AVAILABILITY = YES_AGGRESSIVE;
				CLANG_WARN_UNREACHABLE_CODE = YES;
				CLANG_WARN__DUPLICATE_METHOD_MATCH = YES;
				COPY_PHASE_STRIP = NO;
				DEBUG_INFORMATION_FORMAT = dwarf;
				ENABLE_STRICT_OBJC_MSGSEND = YES;
				ENABLE_TESTABILITY = YES;
				GCC_C_LANGUAGE_STANDARD = gnu11;
				GCC_DYNAMIC_NO_PIC = NO;
				GCC_NO_COMMON_BLOCKS = YES;
				GCC_OPTIMIZATION_LEVEL = 0;
				GCC_PREPROCESSOR_DEFINITIONS = (
					"DEBUG=1",
					"$(inherited)",
				);
				GCC_WARN_64_TO_32_BIT_CONVERSION = YES;
				GCC_WARN_ABOUT_RETURN_TYPE = YES_ERROR;
				GCC_WARN_UNDECLARED_SELECTOR = YES;
				GCC_WARN_UNINITIALIZED_AUTOS = YES_AGGRESSIVE;
				GCC_WARN_UNUSED_FUNCTION = YES;
				GCC_WARN_UNUSED_VARIABLE = YES;
				IPHONEOS_DEPLOYMENT_TARGET = 16.2;
				MTL_ENABLE_DEBUG_INFO = INCLUDE_SOURCE;
				MTL_FAST_MATH = YES;
				ONLY_ACTIVE_ARCH = YES;
				SDKROOT = iphoneos;
				SWIFT_ACTIVE_COMPILATION_CONDITIONS = DEBUG;
				SWIFT_OPTIMIZATION_LEVEL = "-Onone";
			};
			name = Debug;
		};
		A594807B29AE775000AC7D28 /* Release */ = {
			isa = XCBuildConfiguration;
			buildSettings = {
				ALWAYS_SEARCH_USER_PATHS = NO;
				CLANG_ANALYZER_NONNULL = YES;
				CLANG_ANALYZER_NUMBER_OBJECT_CONVERSION = YES_AGGRESSIVE;
				CLANG_CXX_LANGUAGE_STANDARD = "gnu++20";
				CLANG_ENABLE_MODULES = YES;
				CLANG_ENABLE_OBJC_ARC = YES;
				CLANG_ENABLE_OBJC_WEAK = YES;
				CLANG_WARN_BLOCK_CAPTURE_AUTORELEASING = YES;
				CLANG_WARN_BOOL_CONVERSION = YES;
				CLANG_WARN_COMMA = YES;
				CLANG_WARN_CONSTANT_CONVERSION = YES;
				CLANG_WARN_DEPRECATED_OBJC_IMPLEMENTATIONS = YES;
				CLANG_WARN_DIRECT_OBJC_ISA_USAGE = YES_ERROR;
				CLANG_WARN_DOCUMENTATION_COMMENTS = YES;
				CLANG_WARN_EMPTY_BODY = YES;
				CLANG_WARN_ENUM_CONVERSION = YES;
				CLANG_WARN_INFINITE_RECURSION = YES;
				CLANG_WARN_INT_CONVERSION = YES;
				CLANG_WARN_NON_LITERAL_NULL_CONVERSION = YES;
				CLANG_WARN_OBJC_IMPLICIT_RETAIN_SELF = YES;
				CLANG_WARN_OBJC_LITERAL_CONVERSION = YES;
				CLANG_WARN_OBJC_ROOT_CLASS = YES_ERROR;
				CLANG_WARN_QUOTED_INCLUDE_IN_FRAMEWORK_HEADER = YES;
				CLANG_WARN_RANGE_LOOP_ANALYSIS = YES;
				CLANG_WARN_STRICT_PROTOTYPES = YES;
				CLANG_WARN_SUSPICIOUS_MOVE = YES;
				CLANG_WARN_UNGUARDED_AVAILABILITY = YES_AGGRESSIVE;
				CLANG_WARN_UNREACHABLE_CODE = YES;
				CLANG_WARN__DUPLICATE_METHOD_MATCH = YES;
				COPY_PHASE_STRIP = NO;
				DEBUG_INFORMATION_FORMAT = "dwarf-with-dsym";
				ENABLE_NS_ASSERTIONS = NO;
				ENABLE_STRICT_OBJC_MSGSEND = YES;
				GCC_C_LANGUAGE_STANDARD = gnu11;
				GCC_NO_COMMON_BLOCKS = YES;
				GCC_WARN_64_TO_32_BIT_CONVERSION = YES;
				GCC_WARN_ABOUT_RETURN_TYPE = YES_ERROR;
				GCC_WARN_UNDECLARED_SELECTOR = YES;
				GCC_WARN_UNINITIALIZED_AUTOS = YES_AGGRESSIVE;
				GCC_WARN_UNUSED_FUNCTION = YES;
				GCC_WARN_UNUSED_VARIABLE = YES;
				IPHONEOS_DEPLOYMENT_TARGET = 16.2;
				MTL_ENABLE_DEBUG_INFO = NO;
				MTL_FAST_MATH = YES;
				SDKROOT = iphoneos;
				SWIFT_COMPILATION_MODE = wholemodule;
				SWIFT_OPTIMIZATION_LEVEL = "-O";
				VALIDATE_PRODUCT = YES;
			};
			name = Release;
		};
		A594807D29AE775000AC7D28 /* Debug */ = {
			isa = XCBuildConfiguration;
			buildSettings = {
				ASSETCATALOG_COMPILER_APPICON_NAME = AppIcon;
				ASSETCATALOG_COMPILER_GLOBAL_ACCENT_COLOR_NAME = AccentColor;
				CODE_SIGN_STYLE = Automatic;
				CURRENT_PROJECT_VERSION = 1;
				DEVELOPMENT_ASSET_PATHS = "\"RateFourCurrenciesEasy/Preview Content\"";
				DEVELOPMENT_TEAM = TAYYL936C4;
				ENABLE_PREVIEWS = YES;
				GENERATE_INFOPLIST_FILE = YES;
				INFOPLIST_KEY_UIApplicationSceneManifest_Generation = YES;
				INFOPLIST_KEY_UIApplicationSupportsIndirectInputEvents = YES;
				INFOPLIST_KEY_UILaunchScreen_Generation = YES;
				INFOPLIST_KEY_UISupportedInterfaceOrientations_iPad = "UIInterfaceOrientationPortrait UIInterfaceOrientationPortraitUpsideDown UIInterfaceOrientationLandscapeLeft UIInterfaceOrientationLandscapeRight";
				INFOPLIST_KEY_UISupportedInterfaceOrientations_iPhone = "UIInterfaceOrientationPortrait UIInterfaceOrientationLandscapeLeft UIInterfaceOrientationLandscapeRight";
				LD_RUNPATH_SEARCH_PATHS = (
					"$(inherited)",
					"@executable_path/Frameworks",
				);
				MARKETING_VERSION = 1.0;
				PRODUCT_BUNDLE_IDENTIFIER = mk812yPetApp.RateFourCurrenciesEasy;
				PRODUCT_NAME = "$(TARGET_NAME)";
				SWIFT_EMIT_LOC_STRINGS = YES;
				SWIFT_VERSION = 5.0;
				TARGETED_DEVICE_FAMILY = "1,2";
			};
			name = Debug;
		};
		A594807E29AE775000AC7D28 /* Release */ = {
			isa = XCBuildConfiguration;
			buildSettings = {
				ASSETCATALOG_COMPILER_APPICON_NAME = AppIcon;
				ASSETCATALOG_COMPILER_GLOBAL_ACCENT_COLOR_NAME = AccentColor;
				CODE_SIGN_STYLE = Automatic;
				CURRENT_PROJECT_VERSION = 1;
				DEVELOPMENT_ASSET_PATHS = "\"RateFourCurrenciesEasy/Preview Content\"";
				DEVELOPMENT_TEAM = TAYYL936C4;
				ENABLE_PREVIEWS = YES;
				GENERATE_INFOPLIST_FILE = YES;
				INFOPLIST_KEY_UIApplicationSceneManifest_Generation = YES;
				INFOPLIST_KEY_UIApplicationSupportsIndirectInputEvents = YES;
				INFOPLIST_KEY_UILaunchScreen_Generation = YES;
				INFOPLIST_KEY_UISupportedInterfaceOrientations_iPad = "UIInterfaceOrientationPortrait UIInterfaceOrientationPortraitUpsideDown UIInterfaceOrientationLandscapeLeft UIInterfaceOrientationLandscapeRight";
				INFOPLIST_KEY_UISupportedInterfaceOrientations_iPhone = "UIInterfaceOrientationPortrait UIInterfaceOrientationLandscapeLeft UIInterfaceOrientationLandscapeRight";
				LD_RUNPATH_SEARCH_PATHS = (
					"$(inherited)",
					"@executable_path/Frameworks",
				);
				MARKETING_VERSION = 1.0;
				PRODUCT_BUNDLE_IDENTIFIER = mk812yPetApp.RateFourCurrenciesEasy;
				PRODUCT_NAME = "$(TARGET_NAME)";
				SWIFT_EMIT_LOC_STRINGS = YES;
				SWIFT_VERSION = 5.0;
				TARGETED_DEVICE_FAMILY = "1,2";
			};
			name = Release;
		};
/* End XCBuildConfiguration section */

/* Begin XCConfigurationList section */
		A594806429AE774F00AC7D28 /* Build configuration list for PBXProject "RateFourCurrenciesEasy" */ = {
			isa = XCConfigurationList;
			buildConfigurations = (
				A594807A29AE775000AC7D28 /* Debug */,
				A594807B29AE775000AC7D28 /* Release */,
			);
			defaultConfigurationIsVisible = 0;
			defaultConfigurationName = Release;
		};
		A594807C29AE775000AC7D28 /* Build configuration list for PBXNativeTarget "RateFourCurrenciesEasy" */ = {
			isa = XCConfigurationList;
			buildConfigurations = (
				A594807D29AE775000AC7D28 /* Debug */,
				A594807E29AE775000AC7D28 /* Release */,
			);
			defaultConfigurationIsVisible = 0;
			defaultConfigurationName = Release;
		};
/* End XCConfigurationList section */

/* Begin XCVersionGroup section */
		A594807729AE775000AC7D28 /* RateFourCurrenciesEasy.xcdatamodeld */ = {
			isa = XCVersionGroup;
			children = (
				A594807829AE775000AC7D28 /* RateFourCurrenciesEasy.xcdatamodel */,
			);
			currentVersion = A594807829AE775000AC7D28 /* RateFourCurrenciesEasy.xcdatamodel */;
			path = RateFourCurrenciesEasy.xcdatamodeld;
			sourceTree = "<group>";
			versionGroupType = wrapper.xcdatamodel;
		};
/* End XCVersionGroup section */
	};
	rootObject = A594806129AE774F00AC7D28 /* Project object */;
}
